
Microsoft Visual Studio Solution File, Format Version 12.00
# Visual Studio Version 16
VisualStudioVersion = 16.0.31112.23
MinimumVisualStudioVersion = 10.0.40219.1
Project("{9A19103F-16F7-4668-BE54-9A1E7A4F7556}") = "TodoApi", "TodoApi.csproj", "{DE980367-2D50-41DE-A3AD-1838EF509446}"
EndProject
Global
	GlobalSection(SolutionConfigurationPlatforms) = preSolution
		Debug|Any CPU = Debug|Any CPU
		Release|Any CPU = Release|Any CPU
	EndGlobalSection
	GlobalSection(ProjectConfigurationPlatforms) = postSolution
		{DE980367-2D50-41DE-A3AD-1838EF509446}.Debug|Any CPU.ActiveCfg = Debug|Any CPU
		{DE980367-2D50-41DE-A3AD-1838EF509446}.Debug|Any CPU.Build.0 = Debug|Any CPU
		{DE980367-2D50-41DE-A3AD-1838EF509446}.Release|Any CPU.ActiveCfg = Release|Any CPU
		{DE980367-2D50-41DE-A3AD-1838EF509446}.Release|Any CPU.Build.0 = Release|Any CPU
	EndGlobalSection
	GlobalSection(SolutionProperties) = preSolution
		HideSolutionNode = FALSE
	EndGlobalSection
	GlobalSection(ExtensibilityGlobals) = postSolution
		SolutionGuid = {1E7CF172-A2B9-4ABB-84C1-954D088EB5A4}
	EndGlobalSection
EndGlobal
